
Microsoft Visual Studio Solution File, Format Version 12.00
# Visual Studio Version 16
VisualStudioVersion = 16.0.28803.352
MinimumVisualStudioVersion = 10.0.40219.1
Project("{FAE04EC0-301F-11D3-BF4B-00C04F79EFBC}") = "Helpdesk", "Helpdesk.csproj", "{0DDABA6D-9E51-41DF-99C1-2775325F25D8}"
EndProject
Global
	GlobalSection(SolutionConfigurationPlatforms) = preSolution
		Debug|Any CPU = Debug|Any CPU
		Release|Any CPU = Release|Any CPU
	EndGlobalSection
	GlobalSection(ProjectConfigurationPlatforms) = postSolution
		{0DDABA6D-9E51-41DF-99C1-2775325F25D8}.Debug|Any CPU.ActiveCfg = Debug|Any CPU
		{0DDABA6D-9E51-41DF-99C1-2775325F25D8}.Debug|Any CPU.Build.0 = Debug|Any CPU
		{0DDABA6D-9E51-41DF-99C1-2775325F25D8}.Release|Any CPU.ActiveCfg = Release|Any CPU
		{0DDABA6D-9E51-41DF-99C1-2775325F25D8}.Release|Any CPU.Build.0 = Release|Any CPU
	EndGlobalSection
	GlobalSection(SolutionProperties) = preSolution
		HideSolutionNode = FALSE
	EndGlobalSection
	GlobalSection(ExtensibilityGlobals) = postSolution
		SolutionGuid = {774CA783-B5F3-4F81-8050-8B384E62732B}
	EndGlobalSection
EndGlobal
